
Microsoft Visual Studio Solution File, Format Version 11.00
# Visual Studio 2010
Project("{8BC9CEB8-8B4A-11D0-8D11-00A0C91BC942}") = "OgreCampus", "OgreCampus\OgreCampus.vcxproj", "{043824E7-3648-465D-9174-9DB85BE2D7AC}"
EndProject
Global
	GlobalSection(SolutionConfigurationPlatforms) = preSolution
		Debug|Win32 = Debug|Win32
		Release|Win32 = Release|Win32
	EndGlobalSection
	GlobalSection(ProjectConfigurationPlatforms) = postSolution
		{043824E7-3648-465D-9174-9DB85BE2D7AC}.Debug|Win32.ActiveCfg = Debug|Win32
		{043824E7-3648-465D-9174-9DB85BE2D7AC}.Debug|Win32.Build.0 = Debug|Win32
		{043824E7-3648-465D-9174-9DB85BE2D7AC}.Release|Win32.ActiveCfg = Release|Win32
		{043824E7-3648-465D-9174-9DB85BE2D7AC}.Release|Win32.Build.0 = Release|Win32
	EndGlobalSection
	GlobalSection(SolutionProperties) = preSolution
		HideSolutionNode = FALSE
	EndGlobalSection
EndGlobal
